// !$*UTF8*$!
{
	archiveVersion = 1;
	classes = {
	};
	objectVersion = 56;
	objects = {

/* Begin PBXBuildFile section */
		8A1000012C17700100A90001 /* LifeLoggerApp.swift in Sources */ = {isa = PBXBuildFile; fileRef = 8A1000022C17700100A90001 /* LifeLoggerApp.swift */; };
		8A1000032C17700100A90001 /* ContentView.swift in Sources */ = {isa = PBXBuildFile; fileRef = 8A1000042C17700100A90001 /* ContentView.swift */; };
		8A1000052C17700100A90001 /* Assets.xcassets in Resources */ = {isa = PBXBuildFile; fileRef = 8A1000062C17700100A90001 /* Assets.xcassets */; };
		8A1000072C17700100A90001 /* LaunchScreen.storyboard in Resources */ = {isa = PBXBuildFile; fileRef = 8A1000082C17700100A90001 /* LaunchScreen.storyboard */; };
		8A2000012C17710100A90001 /* LoggerSettings.swift in Sources */ = {isa = PBXBuildFile; fileRef = 8A2000022C17710100A90001 /* LoggerSettings.swift */; };
		8A2000032C17710100A90001 /* SessionFiles.swift in Sources */ = {isa = PBXBuildFile; fileRef = 8A2000042C17710100A90001 /* SessionFiles.swift */; };
		8A2000052C17710100A90001 /* CameraPreview.swift in Sources */ = {isa = PBXBuildFile; fileRef = 8A2000062C17710100A90001 /* CameraPreview.swift */; };
		8A2000072C17710100A90001 /* AudioSegmentLogger.swift in Sources */ = {isa = PBXBuildFile; fileRef = 8A2000082C17710100A90001 /* AudioSegmentLogger.swift */; };
		8A2000092C17710100A90001 /* CameraClipLogger.swift in Sources */ = {isa = PBXBuildFile; fileRef = 8A20000A2C17710100A90001 /* CameraClipLogger.swift */; };
		8A20000B2C17710100A90001 /* SensorLoggers.swift in Sources */ = {isa = PBXBuildFile; fileRef = 8A20000C2C17710100A90001 /* SensorLoggers.swift */; };
		8A20000D2C17710100A90001 /* LoggerViewModel.swift in Sources */ = {isa = PBXBuildFile; fileRef = 8A20000E2C17710100A90001 /* LoggerViewModel.swift */; };
		8A20000F2C17710100A90001 /* CameraFormatCatalog.swift in Sources */ = {isa = PBXBuildFile; fileRef = 8A2000102C17710100A90001 /* CameraFormatCatalog.swift */; };
/* End PBXBuildFile section */

/* Begin PBXFileReference section */
		8A1000022C17700100A90001 /* LifeLoggerApp.swift */ = {isa = PBXFileReference; lastKnownFileType = sourcecode.swift; path = LifeLoggerApp.swift; sourceTree = "<group>"; };
		8A1000042C17700100A90001 /* ContentView.swift */ = {isa = PBXFileReference; lastKnownFileType = sourcecode.swift; path = ContentView.swift; sourceTree = "<group>"; };
		8A1000062C17700100A90001 /* Assets.xcassets */ = {isa = PBXFileReference; lastKnownFileType = folder.assetcatalog; path = Assets.xcassets; sourceTree = "<group>"; };
		8A1000092C17700100A90001 /* Info.plist */ = {isa = PBXFileReference; lastKnownFileType = text.plist.xml; path = Info.plist; sourceTree = "<group>"; };
		8A10000A2C17700100A90001 /* LifeLogger.app */ = {isa = PBXFileReference; explicitFileType = wrapper.application; includeInIndex = 0; path = LifeLogger.app; sourceTree = BUILT_PRODUCTS_DIR; };
		8A10000B2C17700100A90001 /* Base */ = {isa = PBXFileReference; lastKnownFileType = file.storyboard; name = Base; path = Base.lproj/LaunchScreen.storyboard; sourceTree = "<group>"; };
		8A2000022C17710100A90001 /* LoggerSettings.swift */ = {isa = PBXFileReference; lastKnownFileType = sourcecode.swift; path = LoggerSettings.swift; sourceTree = "<group>"; };
		8A2000042C17710100A90001 /* SessionFiles.swift */ = {isa = PBXFileReference; lastKnownFileType = sourcecode.swift; path = SessionFiles.swift; sourceTree = "<group>"; };
		8A2000062C17710100A90001 /* CameraPreview.swift */ = {isa = PBXFileReference; lastKnownFileType = sourcecode.swift; path = CameraPreview.swift; sourceTree = "<group>"; };
		8A2000082C17710100A90001 /* AudioSegmentLogger.swift */ = {isa = PBXFileReference; lastKnownFileType = sourcecode.swift; path = AudioSegmentLogger.swift; sourceTree = "<group>"; };
		8A20000A2C17710100A90001 /* CameraClipLogger.swift */ = {isa = PBXFileReference; lastKnownFileType = sourcecode.swift; path = CameraClipLogger.swift; sourceTree = "<group>"; };
		8A20000C2C17710100A90001 /* SensorLoggers.swift */ = {isa = PBXFileReference; lastKnownFileType = sourcecode.swift; path = SensorLoggers.swift; sourceTree = "<group>"; };
		8A20000E2C17710100A90001 /* LoggerViewModel.swift */ = {isa = PBXFileReference; lastKnownFileType = sourcecode.swift; path = LoggerViewModel.swift; sourceTree = "<group>"; };
		8A2000102C17710100A90001 /* CameraFormatCatalog.swift */ = {isa = PBXFileReference; lastKnownFileType = sourcecode.swift; path = CameraFormatCatalog.swift; sourceTree = "<group>"; };
/* End PBXFileReference section */

/* Begin PBXFrameworksBuildPhase section */
		8A10000C2C17700100A90001 /* Frameworks */ = {
			isa = PBXFrameworksBuildPhase;
			buildActionMask = 2147483647;
			files = (
			);
			runOnlyForDeploymentPostprocessing = 0;
		};
/* End PBXFrameworksBuildPhase section */

/* Begin PBXGroup section */
		8A10000D2C17700100A90001 = {
			isa = PBXGroup;
			children = (
				8A10000E2C17700100A90001 /* LifeLogger */,
				8A10000F2C17700100A90001 /* Products */,
			);
			sourceTree = "<group>";
		};
		8A10000E2C17700100A90001 /* LifeLogger */ = {
			isa = PBXGroup;
			children = (
				8A1000022C17700100A90001 /* LifeLoggerApp.swift */,
				8A1000042C17700100A90001 /* ContentView.swift */,
				8A20000E2C17710100A90001 /* LoggerViewModel.swift */,
				8A2000022C17710100A90001 /* LoggerSettings.swift */,
				8A2000042C17710100A90001 /* SessionFiles.swift */,
				8A2000062C17710100A90001 /* CameraPreview.swift */,
				8A2000102C17710100A90001 /* CameraFormatCatalog.swift */,
				8A2000082C17710100A90001 /* AudioSegmentLogger.swift */,
				8A20000A2C17710100A90001 /* CameraClipLogger.swift */,
				8A20000C2C17710100A90001 /* SensorLoggers.swift */,
				8A1000062C17700100A90001 /* Assets.xcassets */,
				8A1000082C17700100A90001 /* LaunchScreen.storyboard */,
				8A1000092C17700100A90001 /* Info.plist */,
			);
			path = LifeLogger;
			sourceTree = "<group>";
		};
		8A10000F2C17700100A90001 /* Products */ = {
			isa = PBXGroup;
			children = (
				8A10000A2C17700100A90001 /* LifeLogger.app */,
			);
			name = Products;
			sourceTree = "<group>";
		};
/* End PBXGroup section */

/* Begin PBXNativeTarget section */
		8A1000102C17700100A90001 /* LifeLogger */ = {
			isa = PBXNativeTarget;
			buildConfigurationList = 8A1000112C17700100A90001 /* Build configuration list for PBXNativeTarget "LifeLogger" */;
			buildPhases = (
				8A1000122C17700100A90001 /* Sources */,
				8A10000C2C17700100A90001 /* Frameworks */,
				8A1000132C17700100A90001 /* Resources */,
			);
			buildRules = (
			);
			dependencies = (
			);
			name = LifeLogger;
			productName = LifeLogger;
			productReference = 8A10000A2C17700100A90001 /* LifeLogger.app */;
			productType = "com.apple.product-type.application";
		};
/* End PBXNativeTarget section */

/* Begin PBXProject section */
		8A1000142C17700100A90001 /* Project object */ = {
			isa = PBXProject;
			attributes = {
				BuildIndependentTargetsInParallel = 1;
				LastSwiftUpdateCheck = 1540;
				LastUpgradeCheck = 1540;
				TargetAttributes = {
					8A1000102C17700100A90001 = {
						CreatedOnToolsVersion = 15.4;
					};
				};
			};
			buildConfigurationList = 8A1000152C17700100A90001 /* Build configuration list for PBXProject "LifeLogger" */;
			compatibilityVersion = "Xcode 14.0";
			developmentRegion = en;
			hasScannedForEncodings = 0;
			knownRegions = (
				en,
				Base,
			);
			mainGroup = 8A10000D2C17700100A90001;
			productRefGroup = 8A10000F2C17700100A90001 /* Products */;
			projectDirPath = "";
			projectRoot = "";
			targets = (
				8A1000102C17700100A90001 /* LifeLogger */,
			);
		};
/* End PBXProject section */

/* Begin PBXResourcesBuildPhase section */
		8A1000132C17700100A90001 /* Resources */ = {
			isa = PBXResourcesBuildPhase;
			buildActionMask = 2147483647;
			files = (
				8A1000052C17700100A90001 /* Assets.xcassets in Resources */,
				8A1000072C17700100A90001 /* LaunchScreen.storyboard in Resources */,
			);
			runOnlyForDeploymentPostprocessing = 0;
		};
/* End PBXResourcesBuildPhase section */

/* Begin PBXSourcesBuildPhase section */
		8A1000122C17700100A90001 /* Sources */ = {
			isa = PBXSourcesBuildPhase;
			buildActionMask = 2147483647;
			files = (
				8A1000012C17700100A90001 /* LifeLoggerApp.swift in Sources */,
				8A1000032C17700100A90001 /* ContentView.swift in Sources */,
				8A20000D2C17710100A90001 /* LoggerViewModel.swift in Sources */,
				8A2000012C17710100A90001 /* LoggerSettings.swift in Sources */,
				8A2000032C17710100A90001 /* SessionFiles.swift in Sources */,
				8A2000052C17710100A90001 /* CameraPreview.swift in Sources */,
				8A20000F2C17710100A90001 /* CameraFormatCatalog.swift in Sources */,
				8A2000072C17710100A90001 /* AudioSegmentLogger.swift in Sources */,
				8A2000092C17710100A90001 /* CameraClipLogger.swift in Sources */,
				8A20000B2C17710100A90001 /* SensorLoggers.swift in Sources */,
			);
			runOnlyForDeploymentPostprocessing = 0;
		};
/* End PBXSourcesBuildPhase section */

/* Begin PBXVariantGroup section */
		8A1000082C17700100A90001 /* LaunchScreen.storyboard */ = {
			isa = PBXVariantGroup;
			children = (
				8A10000B2C17700100A90001 /* Base */,
			);
			name = LaunchScreen.storyboard;
			sourceTree = "<group>";
		};
/* End PBXVariantGroup section */

/* Begin XCBuildConfiguration section */
		8A1000162C17700100A90001 /* Debug */ = {
			isa = XCBuildConfiguration;
			buildSettings = {
				ALWAYS_SEARCH_USER_PATHS = NO;
				CLANG_ANALYZER_NONNULL = YES;
				CLANG_ANALYZER_NUMBER_OBJECT_CONVERSION = YES_AGGRESSIVE;
				CLANG_CXX_LANGUAGE_STANDARD = "gnu++20";
				CLANG_ENABLE_MODULES = YES;
				CLANG_ENABLE_OBJC_ARC = YES;
				CLANG_ENABLE_OBJC_WEAK = YES;
				CLANG_WARN_BLOCK_CAPTURE_AUTORELEASING = YES;
				CLANG_WARN_BOOL_CONVERSION = YES;
				CLANG_WARN_COMMA = YES;
				CLANG_WARN_CONSTANT_CONVERSION = YES;
				CLANG_WARN_DEPRECATED_OBJC_IMPLEMENTATIONS = YES;
				CLANG_WARN_DIRECT_OBJC_ISA_USAGE = YES_ERROR;
				CLANG_WARN_DOCUMENTATION_COMMENTS = YES;
				CLANG_WARN_EMPTY_BODY = YES;
				CLANG_WARN_ENUM_CONVERSION = YES;
				CLANG_WARN_INFINITE_RECURSION = YES;
				CLANG_WARN_INT_CONVERSION = YES;
				CLANG_WARN_NON_LITERAL_NULL_CONVERSION = YES;
				CLANG_WARN_OBJC_IMPLICIT_RETAIN_SELF = YES;
				CLANG_WARN_OBJC_LITERAL_CONVERSION = YES;
				CLANG_WARN_OBJC_ROOT_CLASS = YES_ERROR;
				CLANG_WARN_QUOTED_INCLUDE_IN_FRAMEWORK_HEADER = YES;
				CLANG_WARN_RANGE_LOOP_ANALYSIS = YES;
				CLANG_WARN_STRICT_PROTOTYPES = YES;
				CLANG_WARN_SUSPICIOUS_MOVE = YES;
				CLANG_WARN_UNGUARDED_AVAILABILITY = YES_AGGRESSIVE;
				CLANG_WARN_UNREACHABLE_CODE = YES;
				CLANG_WARN__DUPLICATE_METHOD_MATCH = YES;
				COPY_PHASE_STRIP = NO;
				DEBUG_INFORMATION_FORMAT = dwarf;
				ENABLE_STRICT_OBJC_MSGSEND = YES;
				ENABLE_TESTABILITY = YES;
				GCC_C_LANGUAGE_STANDARD = gnu17;
				GCC_DYNAMIC_NO_PIC = NO;
				GCC_NO_COMMON_BLOCKS = YES;
				GCC_OPTIMIZATION_LEVEL = 0;
				GCC_PREPROCESSOR_DEFINITIONS = (
					"DEBUG=1",
					"$(inherited)",
				);
				GCC_WARN_64_TO_32_BIT_CONVERSION = YES;
				GCC_WARN_ABOUT_RETURN_TYPE = YES_ERROR;
				GCC_WARN_UNDECLARED_SELECTOR = YES;
				GCC_WARN_UNINITIALIZED_AUTOS = YES_AGGRESSIVE;
				GCC_WARN_UNUSED_FUNCTION = YES;
				GCC_WARN_UNUSED_VARIABLE = YES;
				IPHONEOS_DEPLOYMENT_TARGET = 15.4;
				MTL_ENABLE_DEBUG_INFO = INCLUDE_SOURCE;
				MTL_FAST_MATH = YES;
				ONLY_ACTIVE_ARCH = YES;
				SDKROOT = iphoneos;
				SWIFT_ACTIVE_COMPILATION_CONDITIONS = DEBUG;
				SWIFT_OPTIMIZATION_LEVEL = "-Onone";
			};
			name = Debug;
		};
		8A1000172C17700100A90001 /* Release */ = {
			isa = XCBuildConfiguration;
			buildSettings = {
				ALWAYS_SEARCH_USER_PATHS = NO;
				CLANG_ANALYZER_NONNULL = YES;
				CLANG_ANALYZER_NUMBER_OBJECT_CONVERSION = YES_AGGRESSIVE;
				CLANG_CXX_LANGUAGE_STANDARD = "gnu++20";
				CLANG_ENABLE_MODULES = YES;
				CLANG_ENABLE_OBJC_ARC = YES;
				CLANG_ENABLE_OBJC_WEAK = YES;
				CLANG_WARN_BLOCK_CAPTURE_AUTORELEASING = YES;
				CLANG_WARN_BOOL_CONVERSION = YES;
				CLANG_WARN_COMMA = YES;
				CLANG_WARN_CONSTANT_CONVERSION = YES;
				CLANG_WARN_DEPRECATED_OBJC_IMPLEMENTATIONS = YES;
				CLANG_WARN_DIRECT_OBJC_ISA_USAGE = YES_ERROR;
				CLANG_WARN_DOCUMENTATION_COMMENTS = YES;
				CLANG_WARN_EMPTY_BODY = YES;
				CLANG_WARN_ENUM_CONVERSION = YES;
				CLANG_WARN_INFINITE_RECURSION = YES;
				CLANG_WARN_INT_CONVERSION = YES;
				CLANG_WARN_NON_LITERAL_NULL_CONVERSION = YES;
				CLANG_WARN_OBJC_IMPLICIT_RETAIN_SELF = YES;
				CLANG_WARN_OBJC_LITERAL_CONVERSION = YES;
				CLANG_WARN_OBJC_ROOT_CLASS = YES_ERROR;
				CLANG_WARN_QUOTED_INCLUDE_IN_FRAMEWORK_HEADER = YES;
				CLANG_WARN_RANGE_LOOP_ANALYSIS = YES;
				CLANG_WARN_STRICT_PROTOTYPES = YES;
				CLANG_WARN_SUSPICIOUS_MOVE = YES;
				CLANG_WARN_UNGUARDED_AVAILABILITY = YES_AGGRESSIVE;
				CLANG_WARN_UNREACHABLE_CODE = YES;
				CLANG_WARN__DUPLICATE_METHOD_MATCH = YES;
				COPY_PHASE_STRIP = NO;
				DEBUG_INFORMATION_FORMAT = "dwarf-with-dsym";
				ENABLE_NS_ASSERTIONS = NO;
				ENABLE_STRICT_OBJC_MSGSEND = YES;
				GCC_C_LANGUAGE_STANDARD = gnu17;
				GCC_NO_COMMON_BLOCKS = YES;
				GCC_WARN_64_TO_32_BIT_CONVERSION = YES;
				GCC_WARN_ABOUT_RETURN_TYPE = YES_ERROR;
				GCC_WARN_UNDECLARED_SELECTOR = YES;
				GCC_WARN_UNINITIALIZED_AUTOS = YES_AGGRESSIVE;
				GCC_WARN_UNUSED_FUNCTION = YES;
				GCC_WARN_UNUSED_VARIABLE = YES;
				IPHONEOS_DEPLOYMENT_TARGET = 15.4;
				MTL_ENABLE_DEBUG_INFO = NO;
				MTL_FAST_MATH = YES;
				ONLY_ACTIVE_ARCH = YES;
				SDKROOT = iphoneos;
				SWIFT_COMPILATION_MODE = wholemodule;
				VALIDATE_PRODUCT = YES;
			};
			name = Release;
		};
		8A1000182C17700100A90001 /* Debug */ = {
			isa = XCBuildConfiguration;
			buildSettings = {
				ASSETCATALOG_COMPILER_APPICON_NAME = AppIcon;
				ASSETCATALOG_COMPILER_GLOBAL_ACCENT_COLOR_NAME = AccentColor;
				CODE_SIGN_STYLE = Automatic;
				DEVELOPMENT_TEAM = F2LVFHW3ZH;
				GENERATE_INFOPLIST_FILE = NO;
				INFOPLIST_FILE = LifeLogger/Info.plist;
				IPHONEOS_DEPLOYMENT_TARGET = 15.4;
				LD_RUNPATH_SEARCH_PATHS = (
					"$(inherited)",
					"@executable_path/Frameworks",
				);
				MARKETING_VERSION = 1.0;
				PRODUCT_BUNDLE_IDENTIFIER = com.grape.LifeLogger;
				PRODUCT_NAME = LifeLogger;
				SWIFT_EMIT_LOC_STRINGS = YES;
				SWIFT_VERSION = 5.0;
				TARGETED_DEVICE_FAMILY = 1;
			};
			name = Debug;
		};
		8A1000192C17700100A90001 /* Release */ = {
			isa = XCBuildConfiguration;
			buildSettings = {
				ASSETCATALOG_COMPILER_APPICON_NAME = AppIcon;
				ASSETCATALOG_COMPILER_GLOBAL_ACCENT_COLOR_NAME = AccentColor;
				CODE_SIGN_STYLE = Automatic;
				DEVELOPMENT_TEAM = F2LVFHW3ZH;
				GENERATE_INFOPLIST_FILE = NO;
				INFOPLIST_FILE = LifeLogger/Info.plist;
				IPHONEOS_DEPLOYMENT_TARGET = 15.4;
				LD_RUNPATH_SEARCH_PATHS = (
					"$(inherited)",
					"@executable_path/Frameworks",
				);
				MARKETING_VERSION = 1.0;
				PRODUCT_BUNDLE_IDENTIFIER = com.grape.LifeLogger;
				PRODUCT_NAME = LifeLogger;
				SWIFT_EMIT_LOC_STRINGS = YES;
				SWIFT_VERSION = 5.0;
				TARGETED_DEVICE_FAMILY = 1;
			};
			name = Release;
		};
/* End XCBuildConfiguration section */

/* Begin XCConfigurationList section */
		8A1000112C17700100A90001 /* Build configuration list for PBXNativeTarget "LifeLogger" */ = {
			isa = XCConfigurationList;
			buildConfigurations = (
				8A1000182C17700100A90001 /* Debug */,
				8A1000192C17700100A90001 /* Release */,
			);
			defaultConfigurationIsVisible = 0;
			defaultConfigurationName = Release;
		};
		8A1000152C17700100A90001 /* Build configuration list for PBXProject "LifeLogger" */ = {
			isa = XCConfigurationList;
			buildConfigurations = (
				8A1000162C17700100A90001 /* Debug */,
				8A1000172C17700100A90001 /* Release */,
			);
			defaultConfigurationIsVisible = 0;
			defaultConfigurationName = Release;
		};
/* End XCConfigurationList section */
	};
	rootObject = 8A1000142C17700100A90001 /* Project object */;
}
